
Microsoft Visual Studio Solution File, Format Version 10.00
# Visual C++ Express 2008
Project("{8BC9CEB8-8B4A-11D0-8D11-00A0C91BC942}") = "libatk", "libatk.vcproj", "{0B5938BB-3ABB-4279-9F91-29D5912D4AEE}"
EndProject
Global
	GlobalSection(SolutionConfigurationPlatforms) = preSolution
		Debug|Win32 = Debug|Win32
		Release|Win32 = Release|Win32
		ReleaseWdkCrt|Win32 = ReleaseWdkCrt|Win32
	EndGlobalSection
	GlobalSection(ProjectConfigurationPlatforms) = postSolution
		{0B5938BB-3ABB-4279-9F91-29D5912D4AEE}.Debug|Win32.ActiveCfg = Debug|Win32
		{0B5938BB-3ABB-4279-9F91-29D5912D4AEE}.Debug|Win32.Build.0 = Debug|Win32
		{0B5938BB-3ABB-4279-9F91-29D5912D4AEE}.Release|Win32.ActiveCfg = Release|Win32
		{0B5938BB-3ABB-4279-9F91-29D5912D4AEE}.Release|Win32.Build.0 = Release|Win32
		{0B5938BB-3ABB-4279-9F91-29D5912D4AEE}.ReleaseWdkCrt|Win32.ActiveCfg = ReleaseWdkCrt|Win32
		{0B5938BB-3ABB-4279-9F91-29D5912D4AEE}.ReleaseWdkCrt|Win32.Build.0 = ReleaseWdkCrt|Win32
	EndGlobalSection
	GlobalSection(SolutionProperties) = preSolution
		HideSolutionNode = FALSE
	EndGlobalSection
EndGlobal
